<Solution>
  <Folder Name="/src/">
    <Project Path="src/TedToolkit.Step21.Analyzer/TedToolkit.Step21.Analyzer.csproj" />
    <Project Path="src/TedToolkit.Step21/TedToolkit.Step21.csproj">
      <BuildDependency Project="src/TedToolkit.Step21.Analyzer/TedToolkit.Step21.Analyzer.csproj" />
    </Project>
  </Folder>
</Solution>
